# This file is automatically @generated by Cargo.
# It is not intended for manual editing.
version = 3

[[package]]
name = "aho-corasick"
version = "0.7.18"
source = "registry+https://github.com/rust-lang/crates.io-index"
checksum = "1e37cfd5e7657ada45f742d6e99ca5788580b5c529dc78faf11ece6dc702656f"
dependencies = [
    "memchr",
]

[[package]]
name = "autocfg"
version = "1.1.0"
source = "registry+https://github.com/rust-lang/crates.io-index"
checksum = "d468802bab17cbc0cc575e9b053f41e72aa36bfa6b7f55e3529ffa43161b97fa"

[[package]]
name = "bitflags"
version = "1.3.2"
source = "registry+https://github.com/rust-lang/crates.io-index"
checksum = "bef38d45163c2f1dde094a7dfd33ccf595c92905c8f8f4fdc18d06fb1037718a"

[[package]]
name = "byteorder"
version = "1.4.3"
source = "registry+https://github.com/rust-lang/crates.io-index"
checksum = "14c189c53d098945499cdfa7ecc63567cf3886b3332b312a5b4585d8d3a6a610"

[[package]]
name = "capsule_core"
version = "0.1.0"
dependencies = [
    "chrono",
    "diesel",
    "downcast-rs",
    "mockall",
]

[[package]]
name = "cfg-if"
version = "1.0.0"
source = "registry+https://github.com/rust-lang/crates.io-index"
checksum = "baf1de4339761588bc0619e3cbc0120ee582ebb74b53b4efbf79117bd2da40fd"

[[package]]
name = "chrono"
version = "0.4.19"
source = "registry+https://github.com/rust-lang/crates.io-index"
checksum = "670ad68c9088c2a963aaa298cb369688cf3f9465ce5e2d4ca10e6e0098a1ce73"
dependencies = [
    "libc",
    "num-integer",
    "num-traits",
    "time",
    "winapi",
]

[[package]]
name = "diesel"
version = "1.4.8"
source = "registry+https://github.com/rust-lang/crates.io-index"
checksum = "b28135ecf6b7d446b43e27e225622a038cc4e2930a1022f51cdb97ada19b8e4d"
dependencies = [
    "bitflags",
    "byteorder",
    "chrono",
    "diesel_derives",
    "pq-sys",
]

[[package]]
name = "diesel_derives"
version = "1.4.1"
source = "registry+https://github.com/rust-lang/crates.io-index"
checksum = "45f5098f628d02a7a0f68ddba586fb61e80edec3bdc1be3b921f4ceec60858d3"
dependencies = [
    "proc-macro2",
    "quote",
    "syn",
]

[[package]]
name = "difflib"
version = "0.4.0"
source = "registry+https://github.com/rust-lang/crates.io-index"
checksum = "6184e33543162437515c2e2b48714794e37845ec9851711914eec9d308f6ebe8"

[[package]]
name = "downcast"
version = "0.11.0"
source = "registry+https://github.com/rust-lang/crates.io-index"
checksum = "1435fa1053d8b2fbbe9be7e97eca7f33d37b28409959813daefc1446a14247f1"

[[package]]
name = "downcast-rs"
version = "1.2.0"
source = "registry+https://github.com/rust-lang/crates.io-index"
checksum = "9ea835d29036a4087793836fa931b08837ad5e957da9e23886b29586fb9b6650"

[[package]]
name = "either"
version = "1.6.1"
source = "registry+https://github.com/rust-lang/crates.io-index"
checksum = "e78d4f1cc4ae33bbfc157ed5d5a5ef3bc29227303d595861deb238fcec4e9457"

[[package]]
name = "float-cmp"
version = "0.9.0"
source = "registry+https://github.com/rust-lang/crates.io-index"
checksum = "98de4bbd547a563b716d8dfa9aad1cb19bfab00f4fa09a6a4ed21dbcf44ce9c4"
dependencies = [
    "num-traits",
]

[[package]]
name = "fragile"
version = "1.1.0"
source = "registry+https://github.com/rust-lang/crates.io-index"
checksum = "8da1b8f89c5b5a5b7e59405cfcf0bb9588e5ed19f0b57a4cd542bbba3f164a6d"

[[package]]
name = "itertools"
version = "0.10.3"
source = "registry+https://github.com/rust-lang/crates.io-index"
checksum = "a9a9d19fa1e79b6215ff29b9d6880b706147f16e9b1dbb1e4e5947b5b02bc5e3"
dependencies = [
    "either",
]

[[package]]
name = "lazy_static"
version = "1.4.0"
source = "registry+https://github.com/rust-lang/crates.io-index"
checksum = "e2abad23fbc42b3700f2f279844dc832adb2b2eb069b2df918f455c4e18cc646"

[[package]]
name = "libc"
version = "0.2.120"
source = "registry+https://github.com/rust-lang/crates.io-index"
checksum = "ad5c14e80759d0939d013e6ca49930e59fc53dd8e5009132f76240c179380c09"

[[package]]
name = "memchr"
version = "2.4.1"
source = "registry+https://github.com/rust-lang/crates.io-index"
checksum = "308cc39be01b73d0d18f82a0e7b2a3df85245f84af96fdddc5d202d27e47b86a"

[[package]]
name = "mockall"
version = "0.11.0"
source = "registry+https://github.com/rust-lang/crates.io-index"
checksum = "3d4d70639a72f972725db16350db56da68266ca368b2a1fe26724a903ad3d6b8"
dependencies = [
    "cfg-if",
    "downcast",
    "fragile",
    "lazy_static",
    "mockall_derive",
    "predicates",
    "predicates-tree",
]

[[package]]
name = "mockall_derive"
version = "0.11.0"
source = "registry+https://github.com/rust-lang/crates.io-index"
checksum = "79ef208208a0dea3f72221e26e904cdc6db2e481d9ade89081ddd494f1dbaa6b"
dependencies = [
    "cfg-if",
    "proc-macro2",
    "quote",
    "syn",
]

[[package]]
name = "normalize-line-endings"
version = "0.3.0"
source = "registry+https://github.com/rust-lang/crates.io-index"
checksum = "61807f77802ff30975e01f4f071c8ba10c022052f98b3294119f3e615d13e5be"

[[package]]
name = "num-integer"
version = "0.1.44"
source = "registry+https://github.com/rust-lang/crates.io-index"
checksum = "d2cc698a63b549a70bc047073d2949cce27cd1c7b0a4a862d08a8031bc2801db"
dependencies = [
    "autocfg",
    "num-traits",
]

[[package]]
name = "num-traits"
version = "0.2.14"
source = "registry+https://github.com/rust-lang/crates.io-index"
checksum = "9a64b1ec5cda2586e284722486d802acf1f7dbdc623e2bfc57e65ca1cd099290"
dependencies = [
    "autocfg",
]

[[package]]
name = "pq-sys"
version = "0.4.6"
source = "registry+https://github.com/rust-lang/crates.io-index"
checksum = "6ac25eee5a0582f45a67e837e350d784e7003bd29a5f460796772061ca49ffda"
dependencies = [
    "vcpkg",
]

[[package]]
name = "predicates"
version = "2.1.1"
source = "registry+https://github.com/rust-lang/crates.io-index"
checksum = "a5aab5be6e4732b473071984b3164dbbfb7a3674d30ea5ff44410b6bcd960c3c"
dependencies = [
    "difflib",
    "float-cmp",
    "itertools",
    "normalize-line-endings",
    "predicates-core",
    "regex",
]

[[package]]
name = "predicates-core"
version = "1.0.3"
source = "registry+https://github.com/rust-lang/crates.io-index"
checksum = "da1c2388b1513e1b605fcec39a95e0a9e8ef088f71443ef37099fa9ae6673fcb"

[[package]]
name = "predicates-tree"
version = "1.0.5"
source = "registry+https://github.com/rust-lang/crates.io-index"
checksum = "4d86de6de25020a36c6d3643a86d9a6a9f552107c0559c60ea03551b5e16c032"
dependencies = [
    "predicates-core",
    "termtree",
]

[[package]]
name = "proc-macro2"
version = "1.0.36"
source = "registry+https://github.com/rust-lang/crates.io-index"
checksum = "c7342d5883fbccae1cc37a2353b09c87c9b0f3afd73f5fb9bba687a1f733b029"
dependencies = [
    "unicode-xid",
]

[[package]]
name = "quote"
version = "1.0.15"
source = "registry+https://github.com/rust-lang/crates.io-index"
checksum = "864d3e96a899863136fc6e99f3d7cae289dafe43bf2c5ac19b70df7210c0a145"
dependencies = [
    "proc-macro2",
]

[[package]]
name = "regex"
version = "1.5.4"
source = "registry+https://github.com/rust-lang/crates.io-index"
checksum = "d07a8629359eb56f1e2fb1652bb04212c072a87ba68546a04065d525673ac461"
dependencies = [
    "aho-corasick",
    "memchr",
    "regex-syntax",
]

[[package]]
name = "regex-syntax"
version = "0.6.25"
source = "registry+https://github.com/rust-lang/crates.io-index"
checksum = "f497285884f3fcff424ffc933e56d7cbca511def0c9831a7f9b5f6153e3cc89b"

[[package]]
name = "syn"
version = "1.0.86"
source = "registry+https://github.com/rust-lang/crates.io-index"
checksum = "8a65b3f4ffa0092e9887669db0eae07941f023991ab58ea44da8fe8e2d511c6b"
dependencies = [
    "proc-macro2",
    "quote",
    "unicode-xid",
]

[[package]]
name = "termtree"
version = "0.2.4"
source = "registry+https://github.com/rust-lang/crates.io-index"
checksum = "507e9898683b6c43a9aa55b64259b721b52ba226e0f3779137e50ad114a4c90b"

[[package]]
name = "time"
version = "0.1.44"
source = "registry+https://github.com/rust-lang/crates.io-index"
checksum = "6db9e6914ab8b1ae1c260a4ae7a49b6c5611b40328a735b21862567685e73255"
dependencies = [
    "libc",
    "wasi",
    "winapi",
]

[[package]]
name = "unicode-xid"
version = "0.2.2"
source = "registry+https://github.com/rust-lang/crates.io-index"
checksum = "8ccb82d61f80a663efe1f787a51b16b5a51e3314d6ac365b08639f52387b33f3"

[[package]]
name = "vcpkg"
version = "0.2.15"
source = "registry+https://github.com/rust-lang/crates.io-index"
checksum = "accd4ea62f7bb7a82fe23066fb0957d48ef677f6eeb8215f372f52e48bb32426"

[[package]]
name = "wasi"
version = "0.10.0+wasi-snapshot-preview1"
source = "registry+https://github.com/rust-lang/crates.io-index"
checksum = "1a143597ca7c7793eff794def352d41792a93c481eb1042423ff7ff72ba2c31f"

[[package]]
name = "winapi"
version = "0.3.9"
source = "registry+https://github.com/rust-lang/crates.io-index"
checksum = "5c839a674fcd7a98952e593242ea400abe93992746761e38641405d28b00f419"
dependencies = [
    "winapi-i686-pc-windows-gnu",
    "winapi-x86_64-pc-windows-gnu",
]

[[package]]
name = "winapi-i686-pc-windows-gnu"
version = "0.4.0"
source = "registry+https://github.com/rust-lang/crates.io-index"
checksum = "ac3b87c63620426dd9b991e5ce0329eff545bccbbb34f3be09ff6fb6ab51b7b6"

[[package]]
name = "winapi-x86_64-pc-windows-gnu"
version = "0.4.0"
source = "registry+https://github.com/rust-lang/crates.io-index"
checksum = "712e227841d057c1ee1cd2fb22fa7e5a5461ae8e48fa2ca79ec42cfc1931183f"
